// !$*UTF8*$!
{
	archiveVersion = 1;
	classes = {
	};
	objectVersion = 54;
	objects = {

/* Begin PBXBuildFile section */
		00E356F31AD99517003FC87E /* PalmAppTests.m in Sources */ = {isa = PBXBuildFile; fileRef = 00E356F21AD99517003FC87E /* PalmAppTests.m */; };
		03408C468B7447549D22364E /* SpaceGrotesk-Regular.ttf in Resources */ = {isa = PBXBuildFile; fileRef = 67630F6D66A2458D96828E47 /* SpaceGrotesk-Regular.ttf */; };
		13B07FBC1A68108700A75B9A /* AppDelegate.mm in Sources */ = {isa = PBXBuildFile; fileRef = 13B07FB01A68108700A75B9A /* AppDelegate.mm */; };
		13B07FBF1A68108700A75B9A /* Images.xcassets in Resources */ = {isa = PBXBuildFile; fileRef = 13B07FB51A68108700A75B9A /* Images.xcassets */; };
		13B07FC11A68108700A75B9A /* main.m in Sources */ = {isa = PBXBuildFile; fileRef = 13B07FB71A68108700A75B9A /* main.m */; };
		1D6787CFB49B44618FF12DA0 /* SpaceGrotesk-Light.ttf in Resources */ = {isa = PBXBuildFile; fileRef = 4BE6436C7FF0407BA3BA021D /* SpaceGrotesk-Light.ttf */; };
		1DA9AE9D881F549AF1BE27DA /* Pods_PalmAppCommonPods_PalmApp.framework in Frameworks */ = {isa = PBXBuildFile; fileRef = A3546658EE28308A087DCAB5 /* Pods_PalmAppCommonPods_PalmApp.framework */; };
		3356C06B76EF482083562269 /* SpaceGrotesk-Medium.ttf in Resources */ = {isa = PBXBuildFile; fileRef = 242013472B064A9198F4FDD1 /* SpaceGrotesk-Medium.ttf */; };
		358FF5CF220842269540FAA5 /* SpaceGrotesk-SemiBold.ttf in Resources */ = {isa = PBXBuildFile; fileRef = 29BBCDD7D213488A82A9172E /* SpaceGrotesk-SemiBold.ttf */; };
		3C78C1A1E424710B063B1E74 /* Pods_PalmAppCommonPods_PalmApp_Testnet.framework in Frameworks */ = {isa = PBXBuildFile; fileRef = 019941F0D9BD233399C5FB05 /* Pods_PalmAppCommonPods_PalmApp_Testnet.framework */; };
		3E4EB99629DA66FA00A026BA /* MaterialIcons.ttf in Resources */ = {isa = PBXBuildFile; fileRef = 3E4EB99529DA66FA00A026BA /* MaterialIcons.ttf */; };
		4022CA4929B46B9F00335C68 /* Assets.xcassets in Resources */ = {isa = PBXBuildFile; fileRef = 4022CA4829B46B9F00335C68 /* Assets.xcassets */; };
		402FB58429AB042700FD4051 /* AntDesign.ttf in Resources */ = {isa = PBXBuildFile; fileRef = 402FB57429AB042700FD4051 /* AntDesign.ttf */; };
		402FB58629AB042700FD4051 /* Ionicons.ttf in Resources */ = {isa = PBXBuildFile; fileRef = 402FB57629AB042700FD4051 /* Ionicons.ttf */; };
		57D86DB640134D39A9A5FAEE /* SpaceGrotesk-Bold.ttf in Resources */ = {isa = PBXBuildFile; fileRef = 46E806B28F7346E18DF20E79 /* SpaceGrotesk-Bold.ttf */; };
		5BE927350E97305549BA6040 /* Pods_PalmAppCommonPods_PalmAppTests.framework in Frameworks */ = {isa = PBXBuildFile; fileRef = 4412B81ACF82335D8C6C1A3E /* Pods_PalmAppCommonPods_PalmAppTests.framework */; };
		6D22850329CA754400414E02 /* fonts in Resources */ = {isa = PBXBuildFile; fileRef = 6D22850229CA754400414E02 /* fonts */; };
		6D9DCF722A203985003DDE21 /* BootSplash.storyboard in Resources */ = {isa = PBXBuildFile; fileRef = 6D9DCF712A203985003DDE21 /* BootSplash.storyboard */; };
		6D9DCF732A203985003DDE21 /* BootSplash.storyboard in Resources */ = {isa = PBXBuildFile; fileRef = 6D9DCF712A203985003DDE21 /* BootSplash.storyboard */; };
		6DEC80E629F163D300F4B174 /* AppDelegate.mm in Sources */ = {isa = PBXBuildFile; fileRef = 13B07FB01A68108700A75B9A /* AppDelegate.mm */; };
		6DEC80E729F163D300F4B174 /* main.m in Sources */ = {isa = PBXBuildFile; fileRef = 13B07FB71A68108700A75B9A /* main.m */; };
		6DEC80EB29F163D300F4B174 /* Ionicons.ttf in Resources */ = {isa = PBXBuildFile; fileRef = 402FB57629AB042700FD4051 /* Ionicons.ttf */; };
		6DEC80ED29F163D300F4B174 /* AntDesign.ttf in Resources */ = {isa = PBXBuildFile; fileRef = 402FB57429AB042700FD4051 /* AntDesign.ttf */; };
		6DEC80EE29F163D300F4B174 /* Images.xcassets in Resources */ = {isa = PBXBuildFile; fileRef = 13B07FB51A68108700A75B9A /* Images.xcassets */; };
		6DEC80EF29F163D300F4B174 /* Assets.xcassets in Resources */ = {isa = PBXBuildFile; fileRef = 4022CA4829B46B9F00335C68 /* Assets.xcassets */; };
		6DEC80F029F163D300F4B174 /* fonts in Resources */ = {isa = PBXBuildFile; fileRef = 6D22850229CA754400414E02 /* fonts */; };
		6DEC80F129F163D300F4B174 /* MaterialIcons.ttf in Resources */ = {isa = PBXBuildFile; fileRef = 3E4EB99529DA66FA00A026BA /* MaterialIcons.ttf */; };
		6DEC80F429F163D300F4B174 /* SpaceGrotesk-Bold.ttf in Resources */ = {isa = PBXBuildFile; fileRef = 46E806B28F7346E18DF20E79 /* SpaceGrotesk-Bold.ttf */; };
		6DEC80F529F163D300F4B174 /* SpaceGrotesk-Light.ttf in Resources */ = {isa = PBXBuildFile; fileRef = 4BE6436C7FF0407BA3BA021D /* SpaceGrotesk-Light.ttf */; };
		6DEC80F629F163D300F4B174 /* SpaceGrotesk-Medium.ttf in Resources */ = {isa = PBXBuildFile; fileRef = 242013472B064A9198F4FDD1 /* SpaceGrotesk-Medium.ttf */; };
		6DEC80F729F163D300F4B174 /* SpaceGrotesk-Regular.ttf in Resources */ = {isa = PBXBuildFile; fileRef = 67630F6D66A2458D96828E47 /* SpaceGrotesk-Regular.ttf */; };
		6DEC80F829F163D300F4B174 /* SpaceGrotesk-SemiBold.ttf in Resources */ = {isa = PBXBuildFile; fileRef = 29BBCDD7D213488A82A9172E /* SpaceGrotesk-SemiBold.ttf */; };
		6DEC810C29F211A300F4B174 /* PalmApp-Testnet-Info.plist in Resources */ = {isa = PBXBuildFile; fileRef = 6DEC810B29F211A300F4B174 /* PalmApp-Testnet-Info.plist */; };
/* End PBXBuildFile section */

/* Begin PBXContainerItemProxy section */
		00E356F41AD99517003FC87E /* PBXContainerItemProxy */ = {
			isa = PBXContainerItemProxy;
			containerPortal = 83CBB9F71A601CBA00E9B192 /* Project object */;
			proxyType = 1;
			remoteGlobalIDString = 13B07F861A680F5B00A75B9A;
			remoteInfo = PalmApp;
		};
/* End PBXContainerItemProxy section */

/* Begin PBXFileReference section */
		00E356EE1AD99517003FC87E /* PalmAppTests.xctest */ = {isa = PBXFileReference; explicitFileType = wrapper.cfbundle; includeInIndex = 0; path = PalmAppTests.xctest; sourceTree = BUILT_PRODUCTS_DIR; };
		00E356F11AD99517003FC87E /* Info.plist */ = {isa = PBXFileReference; lastKnownFileType = text.plist.xml; path = Info.plist; sourceTree = "<group>"; };
		00E356F21AD99517003FC87E /* PalmAppTests.m */ = {isa = PBXFileReference; lastKnownFileType = sourcecode.c.objc; path = PalmAppTests.m; sourceTree = "<group>"; };
		019941F0D9BD233399C5FB05 /* Pods_PalmAppCommonPods_PalmApp_Testnet.framework */ = {isa = PBXFileReference; explicitFileType = wrapper.framework; includeInIndex = 0; path = Pods_PalmAppCommonPods_PalmApp_Testnet.framework; sourceTree = BUILT_PRODUCTS_DIR; };
		13B07F961A680F5B00A75B9A /* PalmApp.app */ = {isa = PBXFileReference; explicitFileType = wrapper.application; includeInIndex = 0; path = PalmApp.app; sourceTree = BUILT_PRODUCTS_DIR; };
		13B07FAF1A68108700A75B9A /* AppDelegate.h */ = {isa = PBXFileReference; fileEncoding = 4; lastKnownFileType = sourcecode.c.h; name = AppDelegate.h; path = PalmApp/AppDelegate.h; sourceTree = "<group>"; };
		13B07FB01A68108700A75B9A /* AppDelegate.mm */ = {isa = PBXFileReference; fileEncoding = 4; lastKnownFileType = sourcecode.cpp.objcpp; name = AppDelegate.mm; path = PalmApp/AppDelegate.mm; sourceTree = "<group>"; };
		13B07FB51A68108700A75B9A /* Images.xcassets */ = {isa = PBXFileReference; lastKnownFileType = folder.assetcatalog; name = Images.xcassets; path = PalmApp/Images.xcassets; sourceTree = "<group>"; };
		13B07FB61A68108700A75B9A /* PalmApp-Mainnet-Info.plist */ = {isa = PBXFileReference; fileEncoding = 4; lastKnownFileType = text.plist.xml; name = "PalmApp-Mainnet-Info.plist"; path = "PalmApp/PalmApp-Mainnet-Info.plist"; sourceTree = "<group>"; };
		13B07FB71A68108700A75B9A /* main.m */ = {isa = PBXFileReference; fileEncoding = 4; lastKnownFileType = sourcecode.c.objc; name = main.m; path = PalmApp/main.m; sourceTree = "<group>"; };
		242013472B064A9198F4FDD1 /* SpaceGrotesk-Medium.ttf */ = {isa = PBXFileReference; explicitFileType = undefined; fileEncoding = 9; includeInIndex = 0; lastKnownFileType = unknown; name = "SpaceGrotesk-Medium.ttf"; path = "../assets/fonts/SpaceGrotesk-Medium.ttf"; sourceTree = "<group>"; };
		29BBCDD7D213488A82A9172E /* SpaceGrotesk-SemiBold.ttf */ = {isa = PBXFileReference; explicitFileType = undefined; fileEncoding = 9; includeInIndex = 0; lastKnownFileType = unknown; name = "SpaceGrotesk-SemiBold.ttf"; path = "../assets/fonts/SpaceGrotesk-SemiBold.ttf"; sourceTree = "<group>"; };
		29F338ECFB9CF6C68EB28F4A /* Pods-PalmAppCommonPods-PalmAppTests.debug.xcconfig */ = {isa = PBXFileReference; includeInIndex = 1; lastKnownFileType = text.xcconfig; name = "Pods-PalmAppCommonPods-PalmAppTests.debug.xcconfig"; path = "Target Support Files/Pods-PalmAppCommonPods-PalmAppTests/Pods-PalmAppCommonPods-PalmAppTests.debug.xcconfig"; sourceTree = "<group>"; };
		2A8F85DBBEFC0DCBEBABD71B /* Pods-PalmAppCommonPods-PalmAppTests.release.xcconfig */ = {isa = PBXFileReference; includeInIndex = 1; lastKnownFileType = text.xcconfig; name = "Pods-PalmAppCommonPods-PalmAppTests.release.xcconfig"; path = "Target Support Files/Pods-PalmAppCommonPods-PalmAppTests/Pods-PalmAppCommonPods-PalmAppTests.release.xcconfig"; sourceTree = "<group>"; };
		3E4EB99529DA66FA00A026BA /* MaterialIcons.ttf */ = {isa = PBXFileReference; lastKnownFileType = file; path = MaterialIcons.ttf; sourceTree = "<group>"; };
		4022CA4829B46B9F00335C68 /* Assets.xcassets */ = {isa = PBXFileReference; lastKnownFileType = folder.assetcatalog; path = Assets.xcassets; sourceTree = "<group>"; };
		402FB57429AB042700FD4051 /* AntDesign.ttf */ = {isa = PBXFileReference; lastKnownFileType = file; path = AntDesign.ttf; sourceTree = "<group>"; };
		402FB57629AB042700FD4051 /* Ionicons.ttf */ = {isa = PBXFileReference; lastKnownFileType = file; path = Ionicons.ttf; sourceTree = "<group>"; };
		4412B81ACF82335D8C6C1A3E /* Pods_PalmAppCommonPods_PalmAppTests.framework */ = {isa = PBXFileReference; explicitFileType = wrapper.framework; includeInIndex = 0; path = Pods_PalmAppCommonPods_PalmAppTests.framework; sourceTree = BUILT_PRODUCTS_DIR; };
		46E806B28F7346E18DF20E79 /* SpaceGrotesk-Bold.ttf */ = {isa = PBXFileReference; explicitFileType = undefined; fileEncoding = 9; includeInIndex = 0; lastKnownFileType = unknown; name = "SpaceGrotesk-Bold.ttf"; path = "../assets/fonts/SpaceGrotesk-Bold.ttf"; sourceTree = "<group>"; };
		4806AC2EF583A55BC8F104F9 /* Pods-PalmAppCommonPods-PalmApp-Testnet.release.xcconfig */ = {isa = PBXFileReference; includeInIndex = 1; lastKnownFileType = text.xcconfig; name = "Pods-PalmAppCommonPods-PalmApp-Testnet.release.xcconfig"; path = "Target Support Files/Pods-PalmAppCommonPods-PalmApp-Testnet/Pods-PalmAppCommonPods-PalmApp-Testnet.release.xcconfig"; sourceTree = "<group>"; };
		4BE6436C7FF0407BA3BA021D /* SpaceGrotesk-Light.ttf */ = {isa = PBXFileReference; explicitFileType = undefined; fileEncoding = 9; includeInIndex = 0; lastKnownFileType = unknown; name = "SpaceGrotesk-Light.ttf"; path = "../assets/fonts/SpaceGrotesk-Light.ttf"; sourceTree = "<group>"; };
		67630F6D66A2458D96828E47 /* SpaceGrotesk-Regular.ttf */ = {isa = PBXFileReference; explicitFileType = undefined; fileEncoding = 9; includeInIndex = 0; lastKnownFileType = unknown; name = "SpaceGrotesk-Regular.ttf"; path = "../assets/fonts/SpaceGrotesk-Regular.ttf"; sourceTree = "<group>"; };
		6D22850229CA754400414E02 /* fonts */ = {isa = PBXFileReference; lastKnownFileType = folder; name = fonts; path = ../assets/fonts; sourceTree = "<group>"; };
		6D9DCF712A203985003DDE21 /* BootSplash.storyboard */ = {isa = PBXFileReference; fileEncoding = 4; lastKnownFileType = file.storyboard; name = BootSplash.storyboard; path = PalmApp/BootSplash.storyboard; sourceTree = "<group>"; };
		6DEC80E129EE193A00F4B174 /* PalmApp.entitlements */ = {isa = PBXFileReference; lastKnownFileType = text.plist.entitlements; name = PalmApp.entitlements; path = PalmApp/PalmApp.entitlements; sourceTree = "<group>"; };
		6DEC810029F163D400F4B174 /* PalmApp-Testnet.app */ = {isa = PBXFileReference; explicitFileType = wrapper.application; includeInIndex = 0; path = "PalmApp-Testnet.app"; sourceTree = BUILT_PRODUCTS_DIR; };
		6DEC810B29F211A300F4B174 /* PalmApp-Testnet-Info.plist */ = {isa = PBXFileReference; fileEncoding = 4; lastKnownFileType = text.plist.xml; name = "PalmApp-Testnet-Info.plist"; path = "PalmApp/PalmApp-Testnet-Info.plist"; sourceTree = "<group>"; };
		6DF021AE29F6114A0045385F /* GoogleService-Info.plist */ = {isa = PBXFileReference; lastKnownFileType = text.plist.xml; path = "GoogleService-Info.plist"; sourceTree = "<group>"; };
		6DF021B029F6114A0045385F /* AppCenter-Config.plist */ = {isa = PBXFileReference; lastKnownFileType = text.plist.xml; path = "AppCenter-Config.plist"; sourceTree = "<group>"; };
		6DF021B229F6116B0045385F /* GoogleService-Info.plist */ = {isa = PBXFileReference; lastKnownFileType = text.plist.xml; path = "GoogleService-Info.plist"; sourceTree = "<group>"; };
		6DF021B429F6116B0045385F /* AppCenter-Config.plist */ = {isa = PBXFileReference; lastKnownFileType = text.plist.xml; path = "AppCenter-Config.plist"; sourceTree = "<group>"; };
		6F9691225B3C76124AD38739 /* Pods-PalmApp-PalmAppTests.debug.xcconfig */ = {isa = PBXFileReference; includeInIndex = 1; lastKnownFileType = text.xcconfig; name = "Pods-PalmApp-PalmAppTests.debug.xcconfig"; path = "Target Support Files/Pods-PalmApp-PalmAppTests/Pods-PalmApp-PalmAppTests.debug.xcconfig"; sourceTree = "<group>"; };
		98972C1DB7CC92B358A7E869 /* Pods-PalmApp.debug.xcconfig */ = {isa = PBXFileReference; includeInIndex = 1; lastKnownFileType = text.xcconfig; name = "Pods-PalmApp.debug.xcconfig"; path = "Target Support Files/Pods-PalmApp/Pods-PalmApp.debug.xcconfig"; sourceTree = "<group>"; };
		A3546658EE28308A087DCAB5 /* Pods_PalmAppCommonPods_PalmApp.framework */ = {isa = PBXFileReference; explicitFileType = wrapper.framework; includeInIndex = 0; path = Pods_PalmAppCommonPods_PalmApp.framework; sourceTree = BUILT_PRODUCTS_DIR; };
		BCD09E44168CA0276A38E6BE /* Pods-PalmApp.release.xcconfig */ = {isa = PBXFileReference; includeInIndex = 1; lastKnownFileType = text.xcconfig; name = "Pods-PalmApp.release.xcconfig"; path = "Target Support Files/Pods-PalmApp/Pods-PalmApp.release.xcconfig"; sourceTree = "<group>"; };
		D1D9CF663CF70F40E086E90B /* Pods-PalmAppCommonPods-PalmApp-Testnet.debug.xcconfig */ = {isa = PBXFileReference; includeInIndex = 1; lastKnownFileType = text.xcconfig; name = "Pods-PalmAppCommonPods-PalmApp-Testnet.debug.xcconfig"; path = "Target Support Files/Pods-PalmAppCommonPods-PalmApp-Testnet/Pods-PalmAppCommonPods-PalmApp-Testnet.debug.xcconfig"; sourceTree = "<group>"; };
		DA2B7B0FBD548F6AFA201E90 /* Pods-PalmAppCommonPods-PalmApp.debug.xcconfig */ = {isa = PBXFileReference; includeInIndex = 1; lastKnownFileType = text.xcconfig; name = "Pods-PalmAppCommonPods-PalmApp.debug.xcconfig"; path = "Target Support Files/Pods-PalmAppCommonPods-PalmApp/Pods-PalmAppCommonPods-PalmApp.debug.xcconfig"; sourceTree = "<group>"; };
		DE5F761958FB0EB9C65A2DBC /* Pods-PalmApp-PalmAppTests.release.xcconfig */ = {isa = PBXFileReference; includeInIndex = 1; lastKnownFileType = text.xcconfig; name = "Pods-PalmApp-PalmAppTests.release.xcconfig"; path = "Target Support Files/Pods-PalmApp-PalmAppTests/Pods-PalmApp-PalmAppTests.release.xcconfig"; sourceTree = "<group>"; };
		ED297162215061F000B7C4FE /* JavaScriptCore.framework */ = {isa = PBXFileReference; lastKnownFileType = wrapper.framework; name = JavaScriptCore.framework; path = System/Library/Frameworks/JavaScriptCore.framework; sourceTree = SDKROOT; };
		F38DC60366AEB05971011972 /* Pods-PalmAppCommonPods-PalmApp.release.xcconfig */ = {isa = PBXFileReference; includeInIndex = 1; lastKnownFileType = text.xcconfig; name = "Pods-PalmAppCommonPods-PalmApp.release.xcconfig"; path = "Target Support Files/Pods-PalmAppCommonPods-PalmApp/Pods-PalmAppCommonPods-PalmApp.release.xcconfig"; sourceTree = "<group>"; };
/* End PBXFileReference section */

/* Begin PBXFrameworksBuildPhase section */
		00E356EB1AD99517003FC87E /* Frameworks */ = {
			isa = PBXFrameworksBuildPhase;
			buildActionMask = 2147483647;
			files = (
				5BE927350E97305549BA6040 /* Pods_PalmAppCommonPods_PalmAppTests.framework in Frameworks */,
			);
			runOnlyForDeploymentPostprocessing = 0;
		};
		13B07F8C1A680F5B00A75B9A /* Frameworks */ = {
			isa = PBXFrameworksBuildPhase;
			buildActionMask = 2147483647;
			files = (
				1DA9AE9D881F549AF1BE27DA /* Pods_PalmAppCommonPods_PalmApp.framework in Frameworks */,
			);
			runOnlyForDeploymentPostprocessing = 0;
		};
		6DEC80E829F163D300F4B174 /* Frameworks */ = {
			isa = PBXFrameworksBuildPhase;
			buildActionMask = 2147483647;
			files = (
				3C78C1A1E424710B063B1E74 /* Pods_PalmAppCommonPods_PalmApp_Testnet.framework in Frameworks */,
			);
			runOnlyForDeploymentPostprocessing = 0;
		};
/* End PBXFrameworksBuildPhase section */

/* Begin PBXGroup section */
		00E356EF1AD99517003FC87E /* PalmAppTests */ = {
			isa = PBXGroup;
			children = (
				00E356F21AD99517003FC87E /* PalmAppTests.m */,
				00E356F01AD99517003FC87E /* Supporting Files */,
			);
			path = PalmAppTests;
			sourceTree = "<group>";
		};
		00E356F01AD99517003FC87E /* Supporting Files */ = {
			isa = PBXGroup;
			children = (
				00E356F11AD99517003FC87E /* Info.plist */,
			);
			name = "Supporting Files";
			sourceTree = "<group>";
		};
		13B07FAE1A68108700A75B9A /* PalmApp */ = {
			isa = PBXGroup;
			children = (
				6D9DCF712A203985003DDE21 /* BootSplash.storyboard */,
				6DF021B329F6116B0045385F /* AppCenter */,
				6DF021B129F6116B0045385F /* GoogleServices */,
				6DEC80E129EE193A00F4B174 /* PalmApp.entitlements */,
				4022CA4829B46B9F00335C68 /* Assets.xcassets */,
				13B07FAF1A68108700A75B9A /* AppDelegate.h */,
				13B07FB01A68108700A75B9A /* AppDelegate.mm */,
				13B07FB51A68108700A75B9A /* Images.xcassets */,
				6DEC810B29F211A300F4B174 /* PalmApp-Testnet-Info.plist */,
				13B07FB61A68108700A75B9A /* PalmApp-Mainnet-Info.plist */,
				13B07FB71A68108700A75B9A /* main.m */,
			);
			name = PalmApp;
			sourceTree = "<group>";
		};
		2D16E6871FA4F8E400B85C8A /* Frameworks */ = {
			isa = PBXGroup;
			children = (
				ED297162215061F000B7C4FE /* JavaScriptCore.framework */,
				A3546658EE28308A087DCAB5 /* Pods_PalmAppCommonPods_PalmApp.framework */,
				019941F0D9BD233399C5FB05 /* Pods_PalmAppCommonPods_PalmApp_Testnet.framework */,
				4412B81ACF82335D8C6C1A3E /* Pods_PalmAppCommonPods_PalmAppTests.framework */,
			);
			name = Frameworks;
			sourceTree = "<group>";
		};
		402FB56D29AB042700FD4051 /* Fonts */ = {
			isa = PBXGroup;
			children = (
				3E4EB99529DA66FA00A026BA /* MaterialIcons.ttf */,
				402FB57429AB042700FD4051 /* AntDesign.ttf */,
				402FB57629AB042700FD4051 /* Ionicons.ttf */,
			);
			name = Fonts;
			path = "../node_modules/react-native-vector-icons/Fonts";
			sourceTree = "<group>";
		};
		43A1445587C14A76B94228F0 /* Resources */ = {
			isa = PBXGroup;
			children = (
				46E806B28F7346E18DF20E79 /* SpaceGrotesk-Bold.ttf */,
				4BE6436C7FF0407BA3BA021D /* SpaceGrotesk-Light.ttf */,
				242013472B064A9198F4FDD1 /* SpaceGrotesk-Medium.ttf */,
				67630F6D66A2458D96828E47 /* SpaceGrotesk-Regular.ttf */,
				29BBCDD7D213488A82A9172E /* SpaceGrotesk-SemiBold.ttf */,
			);
			name = Resources;
			sourceTree = "<group>";
		};
		6DF021AC29F6114A0045385F /* PalmApp-Testnet */ = {
			isa = PBXGroup;
			children = (
				6DF021AD29F6114A0045385F /* GoogleServices */,
				6DF021AF29F6114A0045385F /* AppCenter */,
			);
			path = "PalmApp-Testnet";
			sourceTree = "<group>";
		};
		6DF021AD29F6114A0045385F /* GoogleServices */ = {
			isa = PBXGroup;
			children = (
				6DF021AE29F6114A0045385F /* GoogleService-Info.plist */,
			);
			path = GoogleServices;
			sourceTree = "<group>";
		};
		6DF021AF29F6114A0045385F /* AppCenter */ = {
			isa = PBXGroup;
			children = (
				6DF021B029F6114A0045385F /* AppCenter-Config.plist */,
			);
			path = AppCenter;
			sourceTree = "<group>";
		};
		6DF021B129F6116B0045385F /* GoogleServices */ = {
			isa = PBXGroup;
			children = (
				6DF021B229F6116B0045385F /* GoogleService-Info.plist */,
			);
			name = GoogleServices;
			path = PalmApp/GoogleServices;
			sourceTree = "<group>";
		};
		6DF021B329F6116B0045385F /* AppCenter */ = {
			isa = PBXGroup;
			children = (
				6DF021B429F6116B0045385F /* AppCenter-Config.plist */,
			);
			name = AppCenter;
			path = PalmApp/AppCenter;
			sourceTree = "<group>";
		};
		832341AE1AAA6A7D00B99B32 /* Libraries */ = {
			isa = PBXGroup;
			children = (
			);
			name = Libraries;
			sourceTree = "<group>";
		};
		83CBB9F61A601CBA00E9B192 = {
			isa = PBXGroup;
			children = (
				6DF021AC29F6114A0045385F /* PalmApp-Testnet */,
				6D22850229CA754400414E02 /* fonts */,
				402FB56D29AB042700FD4051 /* Fonts */,
				13B07FAE1A68108700A75B9A /* PalmApp */,
				832341AE1AAA6A7D00B99B32 /* Libraries */,
				00E356EF1AD99517003FC87E /* PalmAppTests */,
				83CBBA001A601CBA00E9B192 /* Products */,
				2D16E6871FA4F8E400B85C8A /* Frameworks */,
				BBD78D7AC51CEA395F1C20DB /* Pods */,
				43A1445587C14A76B94228F0 /* Resources */,
			);
			indentWidth = 2;
			sourceTree = "<group>";
			tabWidth = 2;
			usesTabs = 0;
		};
		83CBBA001A601CBA00E9B192 /* Products */ = {
			isa = PBXGroup;
			children = (
				13B07F961A680F5B00A75B9A /* PalmApp.app */,
				00E356EE1AD99517003FC87E /* PalmAppTests.xctest */,
				6DEC810029F163D400F4B174 /* PalmApp-Testnet.app */,
			);
			name = Products;
			sourceTree = "<group>";
		};
		BBD78D7AC51CEA395F1C20DB /* Pods */ = {
			isa = PBXGroup;
			children = (
				98972C1DB7CC92B358A7E869 /* Pods-PalmApp.debug.xcconfig */,
				BCD09E44168CA0276A38E6BE /* Pods-PalmApp.release.xcconfig */,
				6F9691225B3C76124AD38739 /* Pods-PalmApp-PalmAppTests.debug.xcconfig */,
				DE5F761958FB0EB9C65A2DBC /* Pods-PalmApp-PalmAppTests.release.xcconfig */,
				DA2B7B0FBD548F6AFA201E90 /* Pods-PalmAppCommonPods-PalmApp.debug.xcconfig */,
				F38DC60366AEB05971011972 /* Pods-PalmAppCommonPods-PalmApp.release.xcconfig */,
				D1D9CF663CF70F40E086E90B /* Pods-PalmAppCommonPods-PalmApp-Testnet.debug.xcconfig */,
				4806AC2EF583A55BC8F104F9 /* Pods-PalmAppCommonPods-PalmApp-Testnet.release.xcconfig */,
				29F338ECFB9CF6C68EB28F4A /* Pods-PalmAppCommonPods-PalmAppTests.debug.xcconfig */,
				2A8F85DBBEFC0DCBEBABD71B /* Pods-PalmAppCommonPods-PalmAppTests.release.xcconfig */,
			);
			path = Pods;
			sourceTree = "<group>";
		};
/* End PBXGroup section */

/* Begin PBXNativeTarget section */
		00E356ED1AD99517003FC87E /* PalmAppTests */ = {
			isa = PBXNativeTarget;
			buildConfigurationList = 00E357021AD99517003FC87E /* Build configuration list for PBXNativeTarget "PalmAppTests" */;
			buildPhases = (
				1BC8B5D77403A69553D337DF /* [CP] Check Pods Manifest.lock */,
				00E356EA1AD99517003FC87E /* Sources */,
				00E356EB1AD99517003FC87E /* Frameworks */,
				00E356EC1AD99517003FC87E /* Resources */,
				8F822CF4518CF15B978AD5D4 /* [CP] Embed Pods Frameworks */,
				F8E4342DB0BCE7167B808DEF /* [CP] Copy Pods Resources */,
			);
			buildRules = (
			);
			dependencies = (
				00E356F51AD99517003FC87E /* PBXTargetDependency */,
			);
			name = PalmAppTests;
			productName = PalmAppTests;
			productReference = 00E356EE1AD99517003FC87E /* PalmAppTests.xctest */;
			productType = "com.apple.product-type.bundle.unit-test";
		};
		13B07F861A680F5B00A75B9A /* PalmApp */ = {
			isa = PBXNativeTarget;
			buildConfigurationList = 13B07F931A680F5B00A75B9A /* Build configuration list for PBXNativeTarget "PalmApp" */;
			buildPhases = (
				1764E130AD51F13C53CD2A2D /* [CP] Check Pods Manifest.lock */,
				FD10A7F022414F080027D42C /* Start Packager */,
				13B07F871A680F5B00A75B9A /* Sources */,
				13B07F8C1A680F5B00A75B9A /* Frameworks */,
				6D187EF229F5878300AEBABF /* Setup Environment Services */,
				13B07F8E1A680F5B00A75B9A /* Resources */,
				00DD1BFF1BD5951E006B06BC /* Bundle React Native code and images */,
				616B9EF9080A7562CB48A744 /* [CP] Embed Pods Frameworks */,
				4D68B7AB66A224D6B241CD08 /* [CP] Copy Pods Resources */,
			);
			buildRules = (
			);
			dependencies = (
			);
			name = PalmApp;
			productName = PalmApp;
			productReference = 13B07F961A680F5B00A75B9A /* PalmApp.app */;
			productType = "com.apple.product-type.application";
		};
		6DEC80E229F163D300F4B174 /* PalmApp-Testnet */ = {
			isa = PBXNativeTarget;
			buildConfigurationList = 6DEC80FD29F163D300F4B174 /* Build configuration list for PBXNativeTarget "PalmApp-Testnet" */;
			buildPhases = (
				6DEC80E329F163D300F4B174 /* [CP] Check Pods Manifest.lock */,
				6DEC80E429F163D300F4B174 /* Start Packager */,
				6DEC80E529F163D300F4B174 /* Sources */,
				6DEC80E829F163D300F4B174 /* Frameworks */,
				6D187F1929F58B7B00AEBABF /* Setup Environment Services */,
				6DEC80EA29F163D300F4B174 /* Resources */,
				6DEC80F929F163D300F4B174 /* Bundle React Native code and images */,
				6DEC80FA29F163D300F4B174 /* [CP] Embed Pods Frameworks */,
				6DEC80FB29F163D300F4B174 /* [CP] Copy Pods Resources */,
			);
			buildRules = (
			);
			dependencies = (
			);
			name = "PalmApp-Testnet";
			productName = PalmApp;
			productReference = 6DEC810029F163D400F4B174 /* PalmApp-Testnet.app */;
			productType = "com.apple.product-type.application";
		};
/* End PBXNativeTarget section */

/* Begin PBXProject section */
		83CBB9F71A601CBA00E9B192 /* Project object */ = {
			isa = PBXProject;
			attributes = {
				BuildIndependentTargetsInParallel = YES;
				LastUpgradeCheck = 1430;
				TargetAttributes = {
					00E356ED1AD99517003FC87E = {
						CreatedOnToolsVersion = 6.2;
						TestTargetID = 13B07F861A680F5B00A75B9A;
					};
					13B07F861A680F5B00A75B9A = {
						LastSwiftMigration = 1120;
					};
				};
			};
			buildConfigurationList = 83CBB9FA1A601CBA00E9B192 /* Build configuration list for PBXProject "PalmApp" */;
			compatibilityVersion = "Xcode 12.0";
			developmentRegion = en;
			hasScannedForEncodings = 0;
			knownRegions = (
				en,
				Base,
			);
			mainGroup = 83CBB9F61A601CBA00E9B192;
			productRefGroup = 83CBBA001A601CBA00E9B192 /* Products */;
			projectDirPath = "";
			projectRoot = "";
			targets = (
				13B07F861A680F5B00A75B9A /* PalmApp */,
				00E356ED1AD99517003FC87E /* PalmAppTests */,
				6DEC80E229F163D300F4B174 /* PalmApp-Testnet */,
			);
		};
/* End PBXProject section */

/* Begin PBXResourcesBuildPhase section */
		00E356EC1AD99517003FC87E /* Resources */ = {
			isa = PBXResourcesBuildPhase;
			buildActionMask = 2147483647;
			files = (
			);
			runOnlyForDeploymentPostprocessing = 0;
		};
		13B07F8E1A680F5B00A75B9A /* Resources */ = {
			isa = PBXResourcesBuildPhase;
			buildActionMask = 2147483647;
			files = (
				402FB58629AB042700FD4051 /* Ionicons.ttf in Resources */,
				6D9DCF722A203985003DDE21 /* BootSplash.storyboard in Resources */,
				402FB58429AB042700FD4051 /* AntDesign.ttf in Resources */,
				13B07FBF1A68108700A75B9A /* Images.xcassets in Resources */,
				4022CA4929B46B9F00335C68 /* Assets.xcassets in Resources */,
				6D22850329CA754400414E02 /* fonts in Resources */,
				3E4EB99629DA66FA00A026BA /* MaterialIcons.ttf in Resources */,
				57D86DB640134D39A9A5FAEE /* SpaceGrotesk-Bold.ttf in Resources */,
				1D6787CFB49B44618FF12DA0 /* SpaceGrotesk-Light.ttf in Resources */,
				3356C06B76EF482083562269 /* SpaceGrotesk-Medium.ttf in Resources */,
				03408C468B7447549D22364E /* SpaceGrotesk-Regular.ttf in Resources */,
				358FF5CF220842269540FAA5 /* SpaceGrotesk-SemiBold.ttf in Resources */,
			);
			runOnlyForDeploymentPostprocessing = 0;
		};
		6DEC80EA29F163D300F4B174 /* Resources */ = {
			isa = PBXResourcesBuildPhase;
			buildActionMask = 2147483647;
			files = (
				6DEC80EB29F163D300F4B174 /* Ionicons.ttf in Resources */,
				6DEC80ED29F163D300F4B174 /* AntDesign.ttf in Resources */,
				6DEC80EE29F163D300F4B174 /* Images.xcassets in Resources */,
				6DEC810C29F211A300F4B174 /* PalmApp-Testnet-Info.plist in Resources */,
				6DEC80EF29F163D300F4B174 /* Assets.xcassets in Resources */,
				6DEC80F029F163D300F4B174 /* fonts in Resources */,
				6DEC80F129F163D300F4B174 /* MaterialIcons.ttf in Resources */,
				6DEC80F429F163D300F4B174 /* SpaceGrotesk-Bold.ttf in Resources */,
				6DEC80F529F163D300F4B174 /* SpaceGrotesk-Light.ttf in Resources */,
				6DEC80F629F163D300F4B174 /* SpaceGrotesk-Medium.ttf in Resources */,
				6DEC80F729F163D300F4B174 /* SpaceGrotesk-Regular.ttf in Resources */,
				6DEC80F829F163D300F4B174 /* SpaceGrotesk-SemiBold.ttf in Resources */,
				6D9DCF732A203985003DDE21 /* BootSplash.storyboard in Resources */,
			);
			runOnlyForDeploymentPostprocessing = 0;
		};
/* End PBXResourcesBuildPhase section */

/* Begin PBXShellScriptBuildPhase section */
		00DD1BFF1BD5951E006B06BC /* Bundle React Native code and images */ = {
			isa = PBXShellScriptBuildPhase;
			buildActionMask = 2147483647;
			files = (
			);
			inputPaths = (
				"$(SRCROOT)/.xcode.env.local",
				"$(SRCROOT)/.xcode.env",
			);
			name = "Bundle React Native code and images";
			outputPaths = (
			);
			runOnlyForDeploymentPostprocessing = 0;
			shellPath = /bin/sh;
			shellScript = "set -e\n\nWITH_ENVIRONMENT=\"../node_modules/react-native/scripts/xcode/with-environment.sh\"\nREACT_NATIVE_XCODE=\"../node_modules/react-native/scripts/react-native-xcode.sh\"\n\n/bin/sh -c \"$WITH_ENVIRONMENT $REACT_NATIVE_XCODE\"\n";
		};
		1764E130AD51F13C53CD2A2D /* [CP] Check Pods Manifest.lock */ = {
			isa = PBXShellScriptBuildPhase;
			buildActionMask = 2147483647;
			files = (
			);
			inputFileListPaths = (
			);
			inputPaths = (
				"${PODS_PODFILE_DIR_PATH}/Podfile.lock",
				"${PODS_ROOT}/Manifest.lock",
			);
			name = "[CP] Check Pods Manifest.lock";
			outputFileListPaths = (
			);
			outputPaths = (
				"$(DERIVED_FILE_DIR)/Pods-PalmAppCommonPods-PalmApp-checkManifestLockResult.txt",
			);
			runOnlyForDeploymentPostprocessing = 0;
			shellPath = /bin/sh;
			shellScript = "diff \"${PODS_PODFILE_DIR_PATH}/Podfile.lock\" \"${PODS_ROOT}/Manifest.lock\" > /dev/null\nif [ $? != 0 ] ; then\n    # print error to STDERR\n    echo \"error: The sandbox is not in sync with the Podfile.lock. Run 'pod install' or update your CocoaPods installation.\" >&2\n    exit 1\nfi\n# This output is used by Xcode 'outputs' to avoid re-running this script phase.\necho \"SUCCESS\" > \"${SCRIPT_OUTPUT_FILE_0}\"\n";
			showEnvVarsInLog = 0;
		};
		1BC8B5D77403A69553D337DF /* [CP] Check Pods Manifest.lock */ = {
			isa = PBXShellScriptBuildPhase;
			buildActionMask = 2147483647;
			files = (
			);
			inputFileListPaths = (
			);
			inputPaths = (
				"${PODS_PODFILE_DIR_PATH}/Podfile.lock",
				"${PODS_ROOT}/Manifest.lock",
			);
			name = "[CP] Check Pods Manifest.lock";
			outputFileListPaths = (
			);
			outputPaths = (
				"$(DERIVED_FILE_DIR)/Pods-PalmAppCommonPods-PalmAppTests-checkManifestLockResult.txt",
			);
			runOnlyForDeploymentPostprocessing = 0;
			shellPath = /bin/sh;
			shellScript = "diff \"${PODS_PODFILE_DIR_PATH}/Podfile.lock\" \"${PODS_ROOT}/Manifest.lock\" > /dev/null\nif [ $? != 0 ] ; then\n    # print error to STDERR\n    echo \"error: The sandbox is not in sync with the Podfile.lock. Run 'pod install' or update your CocoaPods installation.\" >&2\n    exit 1\nfi\n# This output is used by Xcode 'outputs' to avoid re-running this script phase.\necho \"SUCCESS\" > \"${SCRIPT_OUTPUT_FILE_0}\"\n";
			showEnvVarsInLog = 0;
		};
		4D68B7AB66A224D6B241CD08 /* [CP] Copy Pods Resources */ = {
			isa = PBXShellScriptBuildPhase;
			buildActionMask = 2147483647;
			files = (
			);
			inputFileListPaths = (
				"${PODS_ROOT}/Target Support Files/Pods-PalmAppCommonPods-PalmApp/Pods-PalmAppCommonPods-PalmApp-resources-${CONFIGURATION}-input-files.xcfilelist",
			);
			name = "[CP] Copy Pods Resources";
			outputFileListPaths = (
				"${PODS_ROOT}/Target Support Files/Pods-PalmAppCommonPods-PalmApp/Pods-PalmAppCommonPods-PalmApp-resources-${CONFIGURATION}-output-files.xcfilelist",
			);
			runOnlyForDeploymentPostprocessing = 0;
			shellPath = /bin/sh;
			shellScript = "\"${PODS_ROOT}/Target Support Files/Pods-PalmAppCommonPods-PalmApp/Pods-PalmAppCommonPods-PalmApp-resources.sh\"\n";
			showEnvVarsInLog = 0;
		};
		616B9EF9080A7562CB48A744 /* [CP] Embed Pods Frameworks */ = {
			isa = PBXShellScriptBuildPhase;
			buildActionMask = 2147483647;
			files = (
			);
			inputFileListPaths = (
				"${PODS_ROOT}/Target Support Files/Pods-PalmAppCommonPods-PalmApp/Pods-PalmAppCommonPods-PalmApp-frameworks-${CONFIGURATION}-input-files.xcfilelist",
			);
			name = "[CP] Embed Pods Frameworks";
			outputFileListPaths = (
				"${PODS_ROOT}/Target Support Files/Pods-PalmAppCommonPods-PalmApp/Pods-PalmAppCommonPods-PalmApp-frameworks-${CONFIGURATION}-output-files.xcfilelist",
			);
			runOnlyForDeploymentPostprocessing = 0;
			shellPath = /bin/sh;
			shellScript = "\"${PODS_ROOT}/Target Support Files/Pods-PalmAppCommonPods-PalmApp/Pods-PalmAppCommonPods-PalmApp-frameworks.sh\"\n";
			showEnvVarsInLog = 0;
		};
		6D187EF229F5878300AEBABF /* Setup Environment Services */ = {
			isa = PBXShellScriptBuildPhase;
			buildActionMask = 2147483647;
			files = (
			);
			inputFileListPaths = (
			);
			inputPaths = (
			);
			name = "Setup Environment Services";
			outputFileListPaths = (
			);
			outputPaths = (
			);
			runOnlyForDeploymentPostprocessing = 0;
			shellPath = /bin/sh;
			shellScript = "# Name of the resource we're selectively copying\nGOOGLESERVICE_INFO_PLIST=GoogleService-Info.plist\nAPPCENTER_CONFIG_PLIST=AppCenter-Config.plist\n\n# Get references to mainnet versions of the GoogleService-Info.plist\n# NOTE: These should only live on the file system and should NOT be part of the target (since we'll be adding them to the target manually)\nGOOGLESERVICE_INFO=${PROJECT_DIR}/${TARGET_NAME}/GoogleServices/${GOOGLESERVICE_INFO_PLIST}\nAPPCENTER_CONFIG=${PROJECT_DIR}/${TARGET_NAME}/AppCenter/${APPCENTER_CONFIG_PLIST}\n\n# Make sure the mainnet version of GoogleService-Info.plist exists\necho \"Looking for ${GOOGLESERVICE_INFO_PLIST} in ${GOOGLESERVICE_INFO}\"\nif [ ! -f $GOOGLESERVICE_INFO ]\nthen\n    echo \"No mainnet GoogleService-Info.plist found. Please ensure it's in the proper directory.\"\n    exit 1\nfi\n\necho \"Looking for ${APPCENTER_CONFIG_PLIST} in ${APPCENTER_CONFIG}\"\nif [ ! -f $APPCENTER_CONFIG ]\nthen\n    echo \"No mainnet AppCenter-Config.plist found. Please ensure it's in the proper directory.\"\n    exit 1\nfi\n\n# Get a reference to the destination location for the GoogleService-Info.plist\nPLIST_DESTINATION=${BUILT_PRODUCTS_DIR}/${PRODUCT_NAME}.app\n\necho \"Will copy ${GOOGLESERVICE_INFO_PLIST} to final destination: ${PLIST_DESTINATION}\"\necho \"Using ${GOOGLESERVICE_INFO}\"\ncp \"${GOOGLESERVICE_INFO}\" \"${PLIST_DESTINATION}\"\n\necho \"Will copy ${APPCENTER_CONFIG_PLIST} to final destination: ${PLIST_DESTINATION}\"\necho \"Using ${APPCENTER_CONFIG}\"\ncp \"${APPCENTER_CONFIG}\" \"${PLIST_DESTINATION}\"\n";
		};
		6D187F1929F58B7B00AEBABF /* Setup Environment Services */ = {
			isa = PBXShellScriptBuildPhase;
			buildActionMask = 2147483647;
			files = (
			);
			inputFileListPaths = (
			);
			inputPaths = (
			);
			name = "Setup Environment Services";
			outputFileListPaths = (
			);
			outputPaths = (
			);
			runOnlyForDeploymentPostprocessing = 0;
			shellPath = /bin/sh;
			shellScript = "# Type a script or drag a script file from your workspace to insert its path.\n# Name of the resource we're selectively copying\nGOOGLESERVICE_INFO_PLIST=GoogleService-Info.plist\nAPPCENTER_CONFIG_PLIST=AppCenter-Config.plist\n\n# Get references to testnet versions of the GoogleService-Info.plist\n# NOTE: These should only live on the file system and should NOT be part of the target (since we'll be adding them to the target manually)\nGOOGLESERVICE_INFO=${PROJECT_DIR}/${TARGET_NAME}/GoogleServices/${GOOGLESERVICE_INFO_PLIST}\nAPPCENTER_CONFIG=${PROJECT_DIR}/${TARGET_NAME}/AppCenter/${APPCENTER_CONFIG_PLIST}\n\n# Make sure the testnet version of GoogleService-Info.plist exists\necho \"Looking for ${GOOGLESERVICE_INFO_PLIST} in ${GOOGLESERVICE_INFO}\"\nif [ ! -f $GOOGLESERVICE_INFO ]\nthen\n    echo \"No testnet GoogleService-Info.plist found. Please ensure it's in the proper directory.\"\n    exit 1\nfi\n\necho \"Looking for ${APPCENTER_CONFIG_PLIST} in ${APPCENTER_CONFIG}\"\nif [ ! -f $APPCENTER_CONFIG ]\nthen\n    echo \"No testnet AppCenter-Config.plist found. Please ensure it's in the proper directory.\"\n    exit 1\nfi\n\n# Get a reference to the destination location for the GoogleService-Info.plist\nPLIST_DESTINATION=${BUILT_PRODUCTS_DIR}/${PRODUCT_NAME}.app\n\necho \"Will copy ${GOOGLESERVICE_INFO_PLIST} to final destination: ${PLIST_DESTINATION}\"\necho \"Using ${GOOGLESERVICE_INFO}\"\ncp \"${GOOGLESERVICE_INFO}\" \"${PLIST_DESTINATION}\"\n\necho \"Will copy ${APPCENTER_CONFIG_PLIST} to final destination: ${PLIST_DESTINATION}\"\necho \"Using ${APPCENTER_CONFIG}\"\ncp \"${APPCENTER_CONFIG}\" \"${PLIST_DESTINATION}\"\n";
		};
		6DEC80E329F163D300F4B174 /* [CP] Check Pods Manifest.lock */ = {
			isa = PBXShellScriptBuildPhase;
			buildActionMask = 2147483647;
			files = (
			);
			inputFileListPaths = (
			);
			inputPaths = (
				"${PODS_PODFILE_DIR_PATH}/Podfile.lock",
				"${PODS_ROOT}/Manifest.lock",
			);
			name = "[CP] Check Pods Manifest.lock";
			outputFileListPaths = (
			);
			outputPaths = (
				"$(DERIVED_FILE_DIR)/Pods-PalmAppCommonPods-PalmApp-Testnet-checkManifestLockResult.txt",
			);
			runOnlyForDeploymentPostprocessing = 0;
			shellPath = /bin/sh;
			shellScript = "diff \"${PODS_PODFILE_DIR_PATH}/Podfile.lock\" \"${PODS_ROOT}/Manifest.lock\" > /dev/null\nif [ $? != 0 ] ; then\n    # print error to STDERR\n    echo \"error: The sandbox is not in sync with the Podfile.lock. Run 'pod install' or update your CocoaPods installation.\" >&2\n    exit 1\nfi\n# This output is used by Xcode 'outputs' to avoid re-running this script phase.\necho \"SUCCESS\" > \"${SCRIPT_OUTPUT_FILE_0}\"\n";
			showEnvVarsInLog = 0;
		};
		6DEC80E429F163D300F4B174 /* Start Packager */ = {
			isa = PBXShellScriptBuildPhase;
			buildActionMask = 2147483647;
			files = (
			);
			inputFileListPaths = (
			);
			inputPaths = (
			);
			name = "Start Packager";
			outputFileListPaths = (
			);
			outputPaths = (
			);
			runOnlyForDeploymentPostprocessing = 0;
			shellPath = /bin/sh;
			shellScript = "export RCT_METRO_PORT=\"${RCT_METRO_PORT:=8081}\"\necho \"export RCT_METRO_PORT=${RCT_METRO_PORT}\" > \"${SRCROOT}/../node_modules/react-native/scripts/.packager.env\"\nif [ -z \"${RCT_NO_LAUNCH_PACKAGER+xxx}\" ] ; then\n  if nc -w 5 -z localhost ${RCT_METRO_PORT} ; then\n    if ! curl -s \"http://localhost:${RCT_METRO_PORT}/status\" | grep -q \"packager-status:running\" ; then\n      echo \"Port ${RCT_METRO_PORT} already in use, packager is either not running or not running correctly\"\n      exit 2\n    fi\n  else\n    open \"$SRCROOT/../node_modules/react-native/scripts/launchPackager.command\" || echo \"Can't start packager automatically\"\n  fi\nfi\n";
			showEnvVarsInLog = 0;
		};
		6DEC80F929F163D300F4B174 /* Bundle React Native code and images */ = {
			isa = PBXShellScriptBuildPhase;
			buildActionMask = 2147483647;
			files = (
			);
			inputPaths = (
				"$(SRCROOT)/.xcode.env.local",
				"$(SRCROOT)/.xcode.env",
			);
			name = "Bundle React Native code and images";
			outputPaths = (
			);
			runOnlyForDeploymentPostprocessing = 0;
			shellPath = /bin/sh;
			shellScript = "set -e\n\nWITH_ENVIRONMENT=\"../node_modules/react-native/scripts/xcode/with-environment.sh\"\nREACT_NATIVE_XCODE=\"../node_modules/react-native/scripts/react-native-xcode.sh\"\n\n/bin/sh -c \"$WITH_ENVIRONMENT $REACT_NATIVE_XCODE\"\n";
		};
		6DEC80FA29F163D300F4B174 /* [CP] Embed Pods Frameworks */ = {
			isa = PBXShellScriptBuildPhase;
			buildActionMask = 2147483647;
			files = (
			);
			inputFileListPaths = (
				"${PODS_ROOT}/Target Support Files/Pods-PalmAppCommonPods-PalmApp-Testnet/Pods-PalmAppCommonPods-PalmApp-Testnet-frameworks-${CONFIGURATION}-input-files.xcfilelist",
			);
			name = "[CP] Embed Pods Frameworks";
			outputFileListPaths = (
				"${PODS_ROOT}/Target Support Files/Pods-PalmAppCommonPods-PalmApp-Testnet/Pods-PalmAppCommonPods-PalmApp-Testnet-frameworks-${CONFIGURATION}-output-files.xcfilelist",
			);
			runOnlyForDeploymentPostprocessing = 0;
			shellPath = /bin/sh;
			shellScript = "\"${PODS_ROOT}/Target Support Files/Pods-PalmAppCommonPods-PalmApp-Testnet/Pods-PalmAppCommonPods-PalmApp-Testnet-frameworks.sh\"\n";
			showEnvVarsInLog = 0;
		};
		6DEC80FB29F163D300F4B174 /* [CP] Copy Pods Resources */ = {
			isa = PBXShellScriptBuildPhase;
			buildActionMask = 2147483647;
			files = (
			);
			inputFileListPaths = (
				"${PODS_ROOT}/Target Support Files/Pods-PalmAppCommonPods-PalmApp-Testnet/Pods-PalmAppCommonPods-PalmApp-Testnet-resources-${CONFIGURATION}-input-files.xcfilelist",
			);
			name = "[CP] Copy Pods Resources";
			outputFileListPaths = (
				"${PODS_ROOT}/Target Support Files/Pods-PalmAppCommonPods-PalmApp-Testnet/Pods-PalmAppCommonPods-PalmApp-Testnet-resources-${CONFIGURATION}-output-files.xcfilelist",
			);
			runOnlyForDeploymentPostprocessing = 0;
			shellPath = /bin/sh;
			shellScript = "\"${PODS_ROOT}/Target Support Files/Pods-PalmAppCommonPods-PalmApp-Testnet/Pods-PalmAppCommonPods-PalmApp-Testnet-resources.sh\"\n";
			showEnvVarsInLog = 0;
		};
		8F822CF4518CF15B978AD5D4 /* [CP] Embed Pods Frameworks */ = {
			isa = PBXShellScriptBuildPhase;
			buildActionMask = 2147483647;
			files = (
			);
			inputFileListPaths = (
				"${PODS_ROOT}/Target Support Files/Pods-PalmAppCommonPods-PalmAppTests/Pods-PalmAppCommonPods-PalmAppTests-frameworks-${CONFIGURATION}-input-files.xcfilelist",
			);
			name = "[CP] Embed Pods Frameworks";
			outputFileListPaths = (
				"${PODS_ROOT}/Target Support Files/Pods-PalmAppCommonPods-PalmAppTests/Pods-PalmAppCommonPods-PalmAppTests-frameworks-${CONFIGURATION}-output-files.xcfilelist",
			);
			runOnlyForDeploymentPostprocessing = 0;
			shellPath = /bin/sh;
			shellScript = "\"${PODS_ROOT}/Target Support Files/Pods-PalmAppCommonPods-PalmAppTests/Pods-PalmAppCommonPods-PalmAppTests-frameworks.sh\"\n";
			showEnvVarsInLog = 0;
		};
		F8E4342DB0BCE7167B808DEF /* [CP] Copy Pods Resources */ = {
			isa = PBXShellScriptBuildPhase;
			buildActionMask = 2147483647;
			files = (
			);
			inputFileListPaths = (
				"${PODS_ROOT}/Target Support Files/Pods-PalmAppCommonPods-PalmAppTests/Pods-PalmAppCommonPods-PalmAppTests-resources-${CONFIGURATION}-input-files.xcfilelist",
			);
			name = "[CP] Copy Pods Resources";
			outputFileListPaths = (
				"${PODS_ROOT}/Target Support Files/Pods-PalmAppCommonPods-PalmAppTests/Pods-PalmAppCommonPods-PalmAppTests-resources-${CONFIGURATION}-output-files.xcfilelist",
			);
			runOnlyForDeploymentPostprocessing = 0;
			shellPath = /bin/sh;
			shellScript = "\"${PODS_ROOT}/Target Support Files/Pods-PalmAppCommonPods-PalmAppTests/Pods-PalmAppCommonPods-PalmAppTests-resources.sh\"\n";
			showEnvVarsInLog = 0;
		};
		FD10A7F022414F080027D42C /* Start Packager */ = {
			isa = PBXShellScriptBuildPhase;
			buildActionMask = 2147483647;
			files = (
			);
			inputFileListPaths = (
			);
			inputPaths = (
			);
			name = "Start Packager";
			outputFileListPaths = (
			);
			outputPaths = (
			);
			runOnlyForDeploymentPostprocessing = 0;
			shellPath = /bin/sh;
			shellScript = "export RCT_METRO_PORT=\"${RCT_METRO_PORT:=8081}\"\necho \"export RCT_METRO_PORT=${RCT_METRO_PORT}\" > \"${SRCROOT}/../node_modules/react-native/scripts/.packager.env\"\nif [ -z \"${RCT_NO_LAUNCH_PACKAGER+xxx}\" ] ; then\n  if nc -w 5 -z localhost ${RCT_METRO_PORT} ; then\n    if ! curl -s \"http://localhost:${RCT_METRO_PORT}/status\" | grep -q \"packager-status:running\" ; then\n      echo \"Port ${RCT_METRO_PORT} already in use, packager is either not running or not running correctly\"\n      exit 2\n    fi\n  else\n    open \"$SRCROOT/../node_modules/react-native/scripts/launchPackager.command\" || echo \"Can't start packager automatically\"\n  fi\nfi\n";
			showEnvVarsInLog = 0;
		};
/* End PBXShellScriptBuildPhase section */

/* Begin PBXSourcesBuildPhase section */
		00E356EA1AD99517003FC87E /* Sources */ = {
			isa = PBXSourcesBuildPhase;
			buildActionMask = 2147483647;
			files = (
				00E356F31AD99517003FC87E /* PalmAppTests.m in Sources */,
			);
			runOnlyForDeploymentPostprocessing = 0;
		};
		13B07F871A680F5B00A75B9A /* Sources */ = {
			isa = PBXSourcesBuildPhase;
			buildActionMask = 2147483647;
			files = (
				13B07FBC1A68108700A75B9A /* AppDelegate.mm in Sources */,
				13B07FC11A68108700A75B9A /* main.m in Sources */,
			);
			runOnlyForDeploymentPostprocessing = 0;
		};
		6DEC80E529F163D300F4B174 /* Sources */ = {
			isa = PBXSourcesBuildPhase;
			buildActionMask = 2147483647;
			files = (
				6DEC80E629F163D300F4B174 /* AppDelegate.mm in Sources */,
				6DEC80E729F163D300F4B174 /* main.m in Sources */,
			);
			runOnlyForDeploymentPostprocessing = 0;
		};
/* End PBXSourcesBuildPhase section */

/* Begin PBXTargetDependency section */
		00E356F51AD99517003FC87E /* PBXTargetDependency */ = {
			isa = PBXTargetDependency;
			target = 13B07F861A680F5B00A75B9A /* PalmApp */;
			targetProxy = 00E356F41AD99517003FC87E /* PBXContainerItemProxy */;
		};
/* End PBXTargetDependency section */

/* Begin XCBuildConfiguration section */
		00E356F61AD99517003FC87E /* Debug */ = {
			isa = XCBuildConfiguration;
			baseConfigurationReference = 29F338ECFB9CF6C68EB28F4A /* Pods-PalmAppCommonPods-PalmAppTests.debug.xcconfig */;
			buildSettings = {
				ALWAYS_EMBED_SWIFT_STANDARD_LIBRARIES = YES;
				BUNDLE_LOADER = "$(TEST_HOST)";
				DEVELOPMENT_TEAM = KW7NUT7GJK;
				GCC_PREPROCESSOR_DEFINITIONS = (
					"DEBUG=1",
					"$(inherited)",
				);
				INFOPLIST_FILE = PalmAppTests/Info.plist;
				IPHONEOS_DEPLOYMENT_TARGET = 12.4;
				LD_RUNPATH_SEARCH_PATHS = (
					"$(inherited)",
					"@executable_path/Frameworks",
					"@loader_path/Frameworks",
				);
				OTHER_LDFLAGS = (
					"-ObjC",
					"-lc++",
					"$(inherited)",
				);
				PRODUCT_BUNDLE_IDENTIFIER = com.palmobile.PalmAppTests;
				PRODUCT_NAME = "$(TARGET_NAME)";
				TEST_HOST = "$(BUILT_PRODUCTS_DIR)/PalmApp.app/PalmApp";
			};
			name = Debug;
		};
		00E356F71AD99517003FC87E /* Release */ = {
			isa = XCBuildConfiguration;
			baseConfigurationReference = 2A8F85DBBEFC0DCBEBABD71B /* Pods-PalmAppCommonPods-PalmAppTests.release.xcconfig */;
			buildSettings = {
				ALWAYS_EMBED_SWIFT_STANDARD_LIBRARIES = YES;
				BUNDLE_LOADER = "$(TEST_HOST)";
				COPY_PHASE_STRIP = NO;
				DEVELOPMENT_TEAM = KW7NUT7GJK;
				INFOPLIST_FILE = PalmAppTests/Info.plist;
				IPHONEOS_DEPLOYMENT_TARGET = 12.4;
				LD_RUNPATH_SEARCH_PATHS = (
					"$(inherited)",
					"@executable_path/Frameworks",
					"@loader_path/Frameworks",
				);
				OTHER_LDFLAGS = (
					"-ObjC",
					"-lc++",
					"$(inherited)",
				);
				PRODUCT_BUNDLE_IDENTIFIER = com.palmobile.PalmAppTests;
				PRODUCT_NAME = "$(TARGET_NAME)";
				TEST_HOST = "$(BUILT_PRODUCTS_DIR)/PalmApp.app/PalmApp";
			};
			name = Release;
		};
		13B07F941A680F5B00A75B9A /* Debug */ = {
			isa = XCBuildConfiguration;
			baseConfigurationReference = DA2B7B0FBD548F6AFA201E90 /* Pods-PalmAppCommonPods-PalmApp.debug.xcconfig */;
			buildSettings = {
				ASSETCATALOG_COMPILER_APPICON_NAME = AppIcon;
				CLANG_ENABLE_MODULES = YES;
				CODE_SIGN_ENTITLEMENTS = PalmApp/PalmApp.entitlements;
				CODE_SIGN_IDENTITY = "Apple Development";
				CODE_SIGN_STYLE = Automatic;
				CURRENT_PROJECT_VERSION = 33;
				DEVELOPMENT_TEAM = KW7NUT7GJK;
				ENABLE_BITCODE = NO;
				INFOPLIST_FILE = "PalmApp/PalmApp-Mainnet-Info.plist";
				INFOPLIST_KEY_CFBundleDisplayName = Palm;
				LD_RUNPATH_SEARCH_PATHS = (
					"$(inherited)",
					"@executable_path/Frameworks",
				);
				MARKETING_VERSION = 0.1;
				OTHER_LDFLAGS = (
					"$(inherited)",
					"-ObjC",
					"-lc++",
				);
				PRODUCT_BUNDLE_IDENTIFIER = palmapp.xyz;
				PRODUCT_NAME = PalmApp;
				PROVISIONING_PROFILE_SPECIFIER = "";
				SWIFT_OPTIMIZATION_LEVEL = "-Onone";
				SWIFT_VERSION = 5.0;
				VERSIONING_SYSTEM = "apple-generic";
			};
			name = Debug;
		};
		13B07F951A680F5B00A75B9A /* Release */ = {
			isa = XCBuildConfiguration;
			baseConfigurationReference = F38DC60366AEB05971011972 /* Pods-PalmAppCommonPods-PalmApp.release.xcconfig */;
			buildSettings = {
				ASSETCATALOG_COMPILER_APPICON_NAME = AppIcon;
				CLANG_ENABLE_MODULES = YES;
				CODE_SIGN_ENTITLEMENTS = PalmApp/PalmApp.entitlements;
				CODE_SIGN_IDENTITY = "Apple Development";
				"CODE_SIGN_IDENTITY[sdk=iphoneos*]" = "iPhone Distribution";
				CODE_SIGN_STYLE = Manual;
				CURRENT_PROJECT_VERSION = 33;
				DEVELOPMENT_TEAM = "";
				"DEVELOPMENT_TEAM[sdk=iphoneos*]" = KW7NUT7GJK;
				INFOPLIST_FILE = "PalmApp/PalmApp-Mainnet-Info.plist";
				INFOPLIST_KEY_CFBundleDisplayName = Palm;
				LD_RUNPATH_SEARCH_PATHS = (
					"$(inherited)",
					"@executable_path/Frameworks",
				);
				MARKETING_VERSION = 0.1;
				OTHER_LDFLAGS = (
					"$(inherited)",
					"-ObjC",
					"-lc++",
				);
				PRODUCT_BUNDLE_IDENTIFIER = palmapp.xyz;
				PRODUCT_NAME = PalmApp;
				PROVISIONING_PROFILE_SPECIFIER = "";
				"PROVISIONING_PROFILE_SPECIFIER[sdk=iphoneos*]" = "match AdHoc palmapp.xyz";
				SWIFT_VERSION = 5.0;
				VERSIONING_SYSTEM = "apple-generic";
			};
			name = Release;
		};
		6DEC80FE29F163D300F4B174 /* Debug */ = {
			isa = XCBuildConfiguration;
			baseConfigurationReference = D1D9CF663CF70F40E086E90B /* Pods-PalmAppCommonPods-PalmApp-Testnet.debug.xcconfig */;
			buildSettings = {
				ASSETCATALOG_COMPILER_APPICON_NAME = "AppIcon-Testnet";
				CLANG_ENABLE_MODULES = YES;
				CODE_SIGN_ENTITLEMENTS = PalmApp/PalmApp.entitlements;
				CODE_SIGN_IDENTITY = "Apple Development";
				CODE_SIGN_STYLE = Automatic;
				CURRENT_PROJECT_VERSION = 33;
				DEVELOPMENT_TEAM = KW7NUT7GJK;
				ENABLE_BITCODE = NO;
				INFOPLIST_FILE = "PalmApp/PalmApp-Testnet-Info.plist";
				INFOPLIST_KEY_CFBundleDisplayName = "Palm (Testnet)";
				LD_RUNPATH_SEARCH_PATHS = (
					"$(inherited)",
					"@executable_path/Frameworks",
				);
				MARKETING_VERSION = 0.1;
				OTHER_LDFLAGS = (
					"$(inherited)",
					"-ObjC",
					"-lc++",
				);
				PRODUCT_BUNDLE_IDENTIFIER = palmapp.xyz.testnet;
				PRODUCT_NAME = "$(TARGET_NAME)";
				PROVISIONING_PROFILE_SPECIFIER = "";
				SWIFT_OPTIMIZATION_LEVEL = "-Onone";
				SWIFT_VERSION = 5.0;
				VERSIONING_SYSTEM = "apple-generic";
			};
			name = Debug;
		};
		6DEC80FF29F163D300F4B174 /* Release */ = {
			isa = XCBuildConfiguration;
			baseConfigurationReference = 4806AC2EF583A55BC8F104F9 /* Pods-PalmAppCommonPods-PalmApp-Testnet.release.xcconfig */;
			buildSettings = {
				ASSETCATALOG_COMPILER_APPICON_NAME = "AppIcon-Testnet";
				CLANG_ENABLE_MODULES = YES;
				CODE_SIGN_ENTITLEMENTS = PalmApp/PalmApp.entitlements;
				CODE_SIGN_IDENTITY = "Apple Development";
				"CODE_SIGN_IDENTITY[sdk=iphoneos*]" = "iPhone Distribution";
				CODE_SIGN_STYLE = Manual;
				CURRENT_PROJECT_VERSION = 33;
				DEVELOPMENT_TEAM = "";
				"DEVELOPMENT_TEAM[sdk=iphoneos*]" = KW7NUT7GJK;
				INFOPLIST_FILE = "PalmApp/PalmApp-Testnet-Info.plist";
				INFOPLIST_KEY_CFBundleDisplayName = "Palm (Testnet)";
				LD_RUNPATH_SEARCH_PATHS = (
					"$(inherited)",
					"@executable_path/Frameworks",
				);
				MARKETING_VERSION = 0.1;
				OTHER_LDFLAGS = (
					"$(inherited)",
					"-ObjC",
					"-lc++",
				);
				PRODUCT_BUNDLE_IDENTIFIER = palmapp.xyz.testnet;
				PRODUCT_NAME = "$(TARGET_NAME)";
				PROVISIONING_PROFILE_SPECIFIER = "";
				"PROVISIONING_PROFILE_SPECIFIER[sdk=iphoneos*]" = "match AdHoc palmapp.xyz.testnet";
				SWIFT_VERSION = 5.0;
				VERSIONING_SYSTEM = "apple-generic";
			};
			name = Release;
		};
		83CBBA201A601CBA00E9B192 /* Debug */ = {
			isa = XCBuildConfiguration;
			buildSettings = {
				ALWAYS_SEARCH_USER_PATHS = NO;
				CLANG_ANALYZER_LOCALIZABILITY_NONLOCALIZED = YES;
				CLANG_CXX_LANGUAGE_STANDARD = "c++17";
				CLANG_CXX_LIBRARY = "libc++";
				CLANG_ENABLE_MODULES = YES;
				CLANG_ENABLE_OBJC_ARC = YES;
				CLANG_WARN_BLOCK_CAPTURE_AUTORELEASING = YES;
				CLANG_WARN_BOOL_CONVERSION = YES;
				CLANG_WARN_COMMA = YES;
				CLANG_WARN_CONSTANT_CONVERSION = YES;
				CLANG_WARN_DEPRECATED_OBJC_IMPLEMENTATIONS = YES;
				CLANG_WARN_DIRECT_OBJC_ISA_USAGE = YES_ERROR;
				CLANG_WARN_EMPTY_BODY = YES;
				CLANG_WARN_ENUM_CONVERSION = YES;
				CLANG_WARN_INFINITE_RECURSION = YES;
				CLANG_WARN_INT_CONVERSION = YES;
				CLANG_WARN_NON_LITERAL_NULL_CONVERSION = YES;
				CLANG_WARN_OBJC_IMPLICIT_RETAIN_SELF = YES;
				CLANG_WARN_OBJC_LITERAL_CONVERSION = YES;
				CLANG_WARN_OBJC_ROOT_CLASS = YES_ERROR;
				CLANG_WARN_QUOTED_INCLUDE_IN_FRAMEWORK_HEADER = YES;
				CLANG_WARN_RANGE_LOOP_ANALYSIS = YES;
				CLANG_WARN_STRICT_PROTOTYPES = YES;
				CLANG_WARN_SUSPICIOUS_MOVE = YES;
				CLANG_WARN_UNREACHABLE_CODE = YES;
				CLANG_WARN__DUPLICATE_METHOD_MATCH = YES;
				"CODE_SIGN_IDENTITY[sdk=iphoneos*]" = "iPhone Developer";
				COPY_PHASE_STRIP = NO;
				ENABLE_STRICT_OBJC_MSGSEND = YES;
				ENABLE_TESTABILITY = YES;
				"EXCLUDED_ARCHS[sdk=iphonesimulator*]" = i386;
				GCC_C_LANGUAGE_STANDARD = gnu99;
				GCC_DYNAMIC_NO_PIC = NO;
				GCC_NO_COMMON_BLOCKS = YES;
				GCC_OPTIMIZATION_LEVEL = 0;
				GCC_PREPROCESSOR_DEFINITIONS = (
					"DEBUG=1",
					"$(inherited)",
				);
				GCC_SYMBOLS_PRIVATE_EXTERN = NO;
				GCC_WARN_64_TO_32_BIT_CONVERSION = YES;
				GCC_WARN_ABOUT_RETURN_TYPE = YES_ERROR;
				GCC_WARN_UNDECLARED_SELECTOR = YES;
				GCC_WARN_UNINITIALIZED_AUTOS = YES_AGGRESSIVE;
				GCC_WARN_UNUSED_FUNCTION = YES;
				GCC_WARN_UNUSED_VARIABLE = YES;
				IPHONEOS_DEPLOYMENT_TARGET = 13.0;
				LD_RUNPATH_SEARCH_PATHS = (
					/usr/lib/swift,
					"$(inherited)",
				);
				LIBRARY_SEARCH_PATHS = (
					"\"$(SDKROOT)/usr/lib/swift\"",
					"\"$(TOOLCHAIN_DIR)/usr/lib/swift/$(PLATFORM_NAME)\"",
					"\"$(inherited)\"",
				);
				MTL_ENABLE_DEBUG_INFO = YES;
				ONLY_ACTIVE_ARCH = YES;
				OTHER_CPLUSPLUSFLAGS = (
					"$(OTHER_CFLAGS)",
					"-DFOLLY_NO_CONFIG",
					"-DFOLLY_MOBILE=1",
					"-DFOLLY_USE_LIBCPP=1",
				);
				REACT_NATIVE_PATH = "${PODS_ROOT}/../../node_modules/react-native";
				SDKROOT = iphoneos;
			};
			name = Debug;
		};
		83CBBA211A601CBA00E9B192 /* Release */ = {
			isa = XCBuildConfiguration;
			buildSettings = {
				ALWAYS_SEARCH_USER_PATHS = NO;
				CLANG_ANALYZER_LOCALIZABILITY_NONLOCALIZED = YES;
				CLANG_CXX_LANGUAGE_STANDARD = "c++17";
				CLANG_CXX_LIBRARY = "libc++";
				CLANG_ENABLE_MODULES = YES;
				CLANG_ENABLE_OBJC_ARC = YES;
				CLANG_WARN_BLOCK_CAPTURE_AUTORELEASING = YES;
				CLANG_WARN_BOOL_CONVERSION = YES;
				CLANG_WARN_COMMA = YES;
				CLANG_WARN_CONSTANT_CONVERSION = YES;
				CLANG_WARN_DEPRECATED_OBJC_IMPLEMENTATIONS = YES;
				CLANG_WARN_DIRECT_OBJC_ISA_USAGE = YES_ERROR;
				CLANG_WARN_EMPTY_BODY = YES;
				CLANG_WARN_ENUM_CONVERSION = YES;
				CLANG_WARN_INFINITE_RECURSION = YES;
				CLANG_WARN_INT_CONVERSION = YES;
				CLANG_WARN_NON_LITERAL_NULL_CONVERSION = YES;
				CLANG_WARN_OBJC_IMPLICIT_RETAIN_SELF = YES;
				CLANG_WARN_OBJC_LITERAL_CONVERSION = YES;
				CLANG_WARN_OBJC_ROOT_CLASS = YES_ERROR;
				CLANG_WARN_QUOTED_INCLUDE_IN_FRAMEWORK_HEADER = YES;
				CLANG_WARN_RANGE_LOOP_ANALYSIS = YES;
				CLANG_WARN_STRICT_PROTOTYPES = YES;
				CLANG_WARN_SUSPICIOUS_MOVE = YES;
				CLANG_WARN_UNREACHABLE_CODE = YES;
				CLANG_WARN__DUPLICATE_METHOD_MATCH = YES;
				"CODE_SIGN_IDENTITY[sdk=iphoneos*]" = "iPhone Developer";
				COPY_PHASE_STRIP = YES;
				ENABLE_NS_ASSERTIONS = NO;
				ENABLE_STRICT_OBJC_MSGSEND = YES;
				"EXCLUDED_ARCHS[sdk=iphonesimulator*]" = i386;
				GCC_C_LANGUAGE_STANDARD = gnu99;
				GCC_NO_COMMON_BLOCKS = YES;
				GCC_WARN_64_TO_32_BIT_CONVERSION = YES;
				GCC_WARN_ABOUT_RETURN_TYPE = YES_ERROR;
				GCC_WARN_UNDECLARED_SELECTOR = YES;
				GCC_WARN_UNINITIALIZED_AUTOS = YES_AGGRESSIVE;
				GCC_WARN_UNUSED_FUNCTION = YES;
				GCC_WARN_UNUSED_VARIABLE = YES;
				IPHONEOS_DEPLOYMENT_TARGET = 13.0;
				LD_RUNPATH_SEARCH_PATHS = (
					/usr/lib/swift,
					"$(inherited)",
				);
				LIBRARY_SEARCH_PATHS = (
					"\"$(SDKROOT)/usr/lib/swift\"",
					"\"$(TOOLCHAIN_DIR)/usr/lib/swift/$(PLATFORM_NAME)\"",
					"\"$(inherited)\"",
				);
				MTL_ENABLE_DEBUG_INFO = NO;
				OTHER_CPLUSPLUSFLAGS = (
					"$(OTHER_CFLAGS)",
					"-DFOLLY_NO_CONFIG",
					"-DFOLLY_MOBILE=1",
					"-DFOLLY_USE_LIBCPP=1",
				);
				REACT_NATIVE_PATH = "${PODS_ROOT}/../../node_modules/react-native";
				SDKROOT = iphoneos;
				VALIDATE_PRODUCT = YES;
			};
			name = Release;
		};
/* End XCBuildConfiguration section */

/* Begin XCConfigurationList section */
		00E357021AD99517003FC87E /* Build configuration list for PBXNativeTarget "PalmAppTests" */ = {
			isa = XCConfigurationList;
			buildConfigurations = (
				00E356F61AD99517003FC87E /* Debug */,
				00E356F71AD99517003FC87E /* Release */,
			);
			defaultConfigurationIsVisible = 0;
			defaultConfigurationName = Release;
		};
		13B07F931A680F5B00A75B9A /* Build configuration list for PBXNativeTarget "PalmApp" */ = {
			isa = XCConfigurationList;
			buildConfigurations = (
				13B07F941A680F5B00A75B9A /* Debug */,
				13B07F951A680F5B00A75B9A /* Release */,
			);
			defaultConfigurationIsVisible = 0;
			defaultConfigurationName = Release;
		};
		6DEC80FD29F163D300F4B174 /* Build configuration list for PBXNativeTarget "PalmApp-Testnet" */ = {
			isa = XCConfigurationList;
			buildConfigurations = (
				6DEC80FE29F163D300F4B174 /* Debug */,
				6DEC80FF29F163D300F4B174 /* Release */,
			);
			defaultConfigurationIsVisible = 0;
			defaultConfigurationName = Release;
		};
		83CBB9FA1A601CBA00E9B192 /* Build configuration list for PBXProject "PalmApp" */ = {
			isa = XCConfigurationList;
			buildConfigurations = (
				83CBBA201A601CBA00E9B192 /* Debug */,
				83CBBA211A601CBA00E9B192 /* Release */,
			);
			defaultConfigurationIsVisible = 0;
			defaultConfigurationName = Release;
		};
/* End XCConfigurationList section */
	};
	rootObject = 83CBB9F71A601CBA00E9B192 /* Project object */;
}
